<?xml version="1.0" encoding="utf-8"?>
<Project ToolsVersion="4.0" xmlns="http://schemas.microsoft.com/developer/msbuild/2003">
  <ItemGroup>
    <ClCompile Include="pch.cpp" />
    <ClCompile Include="TestCase\StatusComparator\StatusComparator_Test.cpp">
      <Filter>TestCase\StatusComparator</Filter>
    </ClCompile>
    <ClCompile Include="TestCase\StatusComparator\StatusComparator_TestEntry.cpp">
      <Filter>TestCase\StatusComparator</Filter>
    </ClCompile>
    <ClCompile Include="TestCommon\TestResultLogger.cpp">
      <Filter>TestCommon</Filter>
    </ClCompile>
    <ClCompile Include="TestMain.cpp" />
  </ItemGroup>
  <ItemGroup>
    <ClInclude Include="pch.h" />
    <ClInclude Include="TestCommon\TestAssert.h">
      <Filter>TestCommon</Filter>
    </ClInclude>
    <ClInclude Include="TestCase\StatusComparator\StatusComparator_Test.h">
      <Filter>TestCase\StatusComparator</Filter>
    </ClInclude>
    <ClInclude Include="TestCommon\TestResultLogger.h">
      <Filter>TestCommon</Filter>
    </ClInclude>
  </ItemGroup>
  <ItemGroup>
    <Filter Include="TestCommon">
      <UniqueIdentifier>{bf24f55c-ed20-41eb-bbcc-309ee6d68f04}</UniqueIdentifier>
    </Filter>
    <Filter Include="TestCase">
      <UniqueIdentifier>{5a5934ff-4d63-4ade-955b-563648c0d259}</UniqueIdentifier>
    </Filter>
    <Filter Include="TestCase\StatusComparator">
      <UniqueIdentifier>{9bd22c3a-4d85-4c14-b419-5291fa119c2e}</UniqueIdentifier>
    </Filter>
  </ItemGroup>
  <ItemGroup>
    <None Include="packages.config" />
  </ItemGroup>
</Project>