<?xml version="1.0" encoding="utf-8"?>
<Project ToolsVersion="4.0" xmlns="http://schemas.microsoft.com/developer/msbuild/2003">
  <ItemGroup>
    <ClCompile Include="pch.cpp" />
    <ClCompile Include="TestCase\StatusComparator\StatusComparator_Test.cpp">
      <Filter>TestCase\StatusComparator</Filter>
    </ClCompile>
    <ClCompile Include="TestCase\StatusComparator\StatusComparator_TestEntry.cpp">
      <Filter>TestCase\StatusComparator</Filter>
    </ClCompile>
    <ClCompile Include="TestCommon\TestResultLogger.cpp">
      <Filter>TestCommon</Filter>
    </ClCompile>
    <ClCompile Include="TestMain.cpp" />
    <ClCompile Include="TestCase\StatusCalculator\StatusCalculator_Test.cpp">
      <Filter>TestCase\StatusCalculator</Filter>
    </ClCompile>
    <ClCompile Include="TestCase\StatusCalculator\StatusCalculator_TestEntry.cpp">
      <Filter>TestCase\StatusCalculator</Filter>
    </ClCompile>
    <ClCompile Include="TestCase\MitamaCalculator\_data\MitamaCalculatorTestData.cpp">
      <Filter>TestCase\MitamaCalculator\_data</Filter>
    </ClCompile>
    <ClCompile Include="TestCase\MitamaCalculator\MitamaCalculator_Test.cpp">
      <Filter>TestCase\MitamaCalculator</Filter>
    </ClCompile>
    <ClCompile Include="TestCase\MitamaCalculator\MitamaCalculator_TestEntry.cpp">
      <Filter>TestCase\MitamaCalculator</Filter>
    </ClCompile>
  </ItemGroup>
  <ItemGroup>
    <ClInclude Include="pch.h" />
    <ClInclude Include="TestCommon\TestAssert.h">
      <Filter>TestCommon</Filter>
    </ClInclude>
    <ClInclude Include="TestCase\StatusComparator\StatusComparator_Test.h">
      <Filter>TestCase\StatusComparator</Filter>
    </ClInclude>
    <ClInclude Include="TestCommon\TestResultLogger.h">
      <Filter>TestCommon</Filter>
    </ClInclude>
    <ClInclude Include="TestCase\StatusCalculator\StatusCalculator_Test.h">
      <Filter>TestCase\StatusCalculator</Filter>
    </ClInclude>
    <ClInclude Include="TestCase\MitamaCalculator\_data\MitamaCalculatorTestData.h">
      <Filter>TestCase\MitamaCalculator\_data</Filter>
    </ClInclude>
    <ClInclude Include="TestCase\MitamaCalculator\MitamaCalculator_Test.h">
      <Filter>TestCase\MitamaCalculator</Filter>
    </ClInclude>
  </ItemGroup>
  <ItemGroup>
    <Filter Include="TestCommon">
      <UniqueIdentifier>{bf24f55c-ed20-41eb-bbcc-309ee6d68f04}</UniqueIdentifier>
    </Filter>
    <Filter Include="TestCase">
      <UniqueIdentifier>{5a5934ff-4d63-4ade-955b-563648c0d259}</UniqueIdentifier>
    </Filter>
    <Filter Include="TestCase\StatusComparator">
      <UniqueIdentifier>{9bd22c3a-4d85-4c14-b419-5291fa119c2e}</UniqueIdentifier>
    </Filter>
    <Filter Include="TestCase\StatusCalculator">
      <UniqueIdentifier>{8d56195b-a1d5-439c-835a-25ffac609d66}</UniqueIdentifier>
    </Filter>
    <Filter Include="TestCase\MitamaCalculator">
      <UniqueIdentifier>{ab602fe7-161e-467e-a6ea-498f11a2133d}</UniqueIdentifier>
    </Filter>
    <Filter Include="TestCase\MitamaCalculator\_data">
      <UniqueIdentifier>{dafb945a-c9ab-4a1c-b2d8-f0c938c58f23}</UniqueIdentifier>
    </Filter>
  </ItemGroup>
  <ItemGroup>
    <None Include="packages.config" />
  </ItemGroup>
</Project>