<Solution>
  <Configurations>
    <Platform Name="x64" />
  </Configurations>
  <Project Path="ScenarioRunner.Engine/ScenarioRunner.Engine.csproj" Id="7c494ce8-804f-4d03-96c0-443bd3c3e3fd">
    <Platform Project="x64" />
  </Project>
  <Project Path="ScenarioRunnerTest/ScenarioRunnerTest.csproj" Id="7bf091d8-33b3-49b0-83fb-711af3db5e4b">
    <Platform Solution="*|x64" Project="x64" />
    <Build Solution="Release|x64" Project="false" />
  </Project>
</Solution>