<?xml version="1.0" encoding="utf-8"?>
<Project ToolsVersion="4.0" xmlns="http://schemas.microsoft.com/developer/msbuild/2003">
  <ItemGroup>
    <Filter Include="ソース ファイル">
      <UniqueIdentifier>{4FC737F1-C7A5-4376-A066-2A32D752A2FF}</UniqueIdentifier>
      <Extensions>cpp;c;cc;cxx;c++;cppm;ixx;def;odl;idl;hpj;bat;asm;asmx</Extensions>
    </Filter>
    <Filter Include="ヘッダー ファイル">
      <UniqueIdentifier>{93995380-89BD-4b04-88EB-625FBE52EBFB}</UniqueIdentifier>
      <Extensions>h;hh;hpp;hxx;h++;hm;inl;inc;ipp;xsd</Extensions>
    </Filter>
    <Filter Include="リソース ファイル">
      <UniqueIdentifier>{67DA6AB6-F800-4c08-8B7A-83BB121AAD01}</UniqueIdentifier>
      <Extensions>rc;ico;cur;bmp;dlg;rc2;rct;bin;rgs;gif;jpg;jpeg;jpe;resx;tiff;tif;png;wav;mfcribbon-ms</Extensions>
    </Filter>
    <Filter Include="ソース ファイル\Service">
      <UniqueIdentifier>{62ec7463-2152-4bd1-a7d9-31233fe6d0b6}</UniqueIdentifier>
    </Filter>
    <Filter Include="ヘッダー ファイル\Dto">
      <UniqueIdentifier>{10c0cb2c-7514-4d46-8207-54f4c0e9c775}</UniqueIdentifier>
    </Filter>
    <Filter Include="ヘッダー ファイル\Service">
      <UniqueIdentifier>{8947661c-fc5d-4a6b-8607-ee668b228794}</UniqueIdentifier>
    </Filter>
    <Filter Include="ヘッダー ファイル\Converter">
      <UniqueIdentifier>{789d9680-b102-45ad-85c1-689248b4287c}</UniqueIdentifier>
    </Filter>
    <Filter Include="ソース ファイル\Converter">
      <UniqueIdentifier>{73d62714-3f4d-4bd3-ae73-dcfb4d705c74}</UniqueIdentifier>
    </Filter>
    <Filter Include="ソース ファイル\Converter\Model">
      <UniqueIdentifier>{d969a61e-8266-46c4-8e51-6e6fd6675a4f}</UniqueIdentifier>
    </Filter>
    <Filter Include="ヘッダー ファイル\Converter\Model">
      <UniqueIdentifier>{f67a9442-9b3f-4f08-a42d-f87449794bf1}</UniqueIdentifier>
    </Filter>
    <Filter Include="ヘッダー ファイル\Dto\Model">
      <UniqueIdentifier>{57d2cf82-ed99-4d02-9fc9-becc6b62280a}</UniqueIdentifier>
    </Filter>
    <Filter Include="ヘッダー ファイル\Dto\Outcome">
      <UniqueIdentifier>{0ad4c46a-542b-4137-94f4-07152ca5b77a}</UniqueIdentifier>
    </Filter>
    <Filter Include="ヘッダー ファイル\Mapper">
      <UniqueIdentifier>{3a3223ce-fb80-40f3-80ab-ab0c7a4abf48}</UniqueIdentifier>
    </Filter>
    <Filter Include="ヘッダー ファイル\Mapper\Outcome">
      <UniqueIdentifier>{08d2818e-9b95-469a-b85c-2d5788b36295}</UniqueIdentifier>
    </Filter>
    <Filter Include="ソース ファイル\Mapper">
      <UniqueIdentifier>{3c03c3d4-0b3f-4624-aeb3-041f4a915ac8}</UniqueIdentifier>
    </Filter>
    <Filter Include="ソース ファイル\Mapper\Outcome">
      <UniqueIdentifier>{3d7c2d5d-cc29-4d10-bf9f-f1bfedae53e0}</UniqueIdentifier>
    </Filter>
  </ItemGroup>
  <ItemGroup>
    <ClInclude Include="framework.h">
      <Filter>ヘッダー ファイル</Filter>
    </ClInclude>
    <ClInclude Include="pch.h">
      <Filter>ヘッダー ファイル</Filter>
    </ClInclude>
    <ClInclude Include="Service\ShikigamiGateway.h">
      <Filter>ヘッダー ファイル\Service</Filter>
    </ClInclude>
    <ClInclude Include="Service\CalculationGateway.h">
      <Filter>ヘッダー ファイル\Service</Filter>
    </ClInclude>
    <ClInclude Include="Converter\Model\CalculationResultConverter.h">
      <Filter>ヘッダー ファイル\Converter\Model</Filter>
    </ClInclude>
    <ClInclude Include="Converter\Model\MitamaConverter.h">
      <Filter>ヘッダー ファイル\Converter\Model</Filter>
    </ClInclude>
    <ClInclude Include="Converter\Model\MitamaSetConverter.h">
      <Filter>ヘッダー ファイル\Converter\Model</Filter>
    </ClInclude>
    <ClInclude Include="Converter\Model\ShikigamiConverter.h">
      <Filter>ヘッダー ファイル\Converter\Model</Filter>
    </ClInclude>
    <ClInclude Include="Converter\Model\StatTypeConverter.h">
      <Filter>ヘッダー ファイル\Converter\Model</Filter>
    </ClInclude>
    <ClInclude Include="Converter\Model\StatusConverter.h">
      <Filter>ヘッダー ファイル\Converter\Model</Filter>
    </ClInclude>
    <ClInclude Include="Converter\Model\StatValueConverter.h">
      <Filter>ヘッダー ファイル\Converter\Model</Filter>
    </ClInclude>
    <ClInclude Include="Converter\Model\StringConverter.h">
      <Filter>ヘッダー ファイル\Converter\Model</Filter>
    </ClInclude>
    <ClInclude Include="Dto\Model\CalculationResultDto.h">
      <Filter>ヘッダー ファイル\Dto\Model</Filter>
    </ClInclude>
    <ClInclude Include="Dto\Model\MitamaDto.h">
      <Filter>ヘッダー ファイル\Dto\Model</Filter>
    </ClInclude>
    <ClInclude Include="Dto\Model\MitamaSetDto.h">
      <Filter>ヘッダー ファイル\Dto\Model</Filter>
    </ClInclude>
    <ClInclude Include="Dto\Model\ShikigamiDto.h">
      <Filter>ヘッダー ファイル\Dto\Model</Filter>
    </ClInclude>
    <ClInclude Include="Dto\Model\StatTypeDto.h">
      <Filter>ヘッダー ファイル\Dto\Model</Filter>
    </ClInclude>
    <ClInclude Include="Dto\Model\StatusDto.h">
      <Filter>ヘッダー ファイル\Dto\Model</Filter>
    </ClInclude>
    <ClInclude Include="Dto\Model\StatusEffectDto.h">
      <Filter>ヘッダー ファイル\Dto\Model</Filter>
    </ClInclude>
    <ClInclude Include="Dto\Model\StatValueDto.h">
      <Filter>ヘッダー ファイル\Dto\Model</Filter>
    </ClInclude>
    <ClInclude Include="Dto\Outcome\ShikigamiDataOutcomeDto.h">
      <Filter>ヘッダー ファイル\Dto\Outcome</Filter>
    </ClInclude>
    <ClInclude Include="Mapper\Outcome\ShikigamiDataOutcomeMapper.h">
      <Filter>ヘッダー ファイル\Mapper\Outcome</Filter>
    </ClInclude>
  </ItemGroup>
  <ItemGroup>
    <ClCompile Include="pch.cpp">
      <Filter>ソース ファイル</Filter>
    </ClCompile>
    <ClCompile Include="Service\ShikigamiGateway.cpp">
      <Filter>ソース ファイル\Service</Filter>
    </ClCompile>
    <ClCompile Include="Service\CalculationGateway.cpp">
      <Filter>ソース ファイル\Service</Filter>
    </ClCompile>
    <ClCompile Include="Converter\Model\CalculationResultConverter.cpp">
      <Filter>ソース ファイル\Converter\Model</Filter>
    </ClCompile>
    <ClCompile Include="Converter\Model\MitamaConverter.cpp">
      <Filter>ソース ファイル\Converter\Model</Filter>
    </ClCompile>
    <ClCompile Include="Converter\Model\MitamaSetConverter.cpp">
      <Filter>ソース ファイル\Converter\Model</Filter>
    </ClCompile>
    <ClCompile Include="Converter\Model\ShikigamiConverter.cpp">
      <Filter>ソース ファイル\Converter\Model</Filter>
    </ClCompile>
    <ClCompile Include="Converter\Model\StatTypeConverter.cpp">
      <Filter>ソース ファイル\Converter\Model</Filter>
    </ClCompile>
    <ClCompile Include="Converter\Model\StatusConverter.cpp">
      <Filter>ソース ファイル\Converter\Model</Filter>
    </ClCompile>
    <ClCompile Include="Converter\Model\StatValueConverter.cpp">
      <Filter>ソース ファイル\Converter\Model</Filter>
    </ClCompile>
    <ClCompile Include="Converter\Model\StringConverter.cpp">
      <Filter>ソース ファイル\Converter\Model</Filter>
    </ClCompile>
    <ClCompile Include="Mapper\Outcome\ShikigamiDataOutcomeMapper.cpp">
      <Filter>ソース ファイル\Mapper\Outcome</Filter>
    </ClCompile>
  </ItemGroup>
</Project>